// !$*UTF8*$!
{
	archiveVersion = 1;
	classes = {
	};
	objectVersion = 77;
	objects = {

/* Begin PBXContainerItemProxy section */
		DFEE98F62CA05F5E003021DB /* PBXContainerItemProxy */ = {
			isa = PBXContainerItemProxy;
			containerPortal = DFEE98DD2CA05F5D003021DB /* Project object */;
			proxyType = 1;
			remoteGlobalIDString = DFEE98E42CA05F5D003021DB;
			remoteInfo = "Kick-Off_Squad";
		};
		DFEE99002CA05F5E003021DB /* PBXContainerItemProxy */ = {
			isa = PBXContainerItemProxy;
			containerPortal = DFEE98DD2CA05F5D003021DB /* Project object */;
			proxyType = 1;
			remoteGlobalIDString = DFEE98E42CA05F5D003021DB;
			remoteInfo = "Kick-Off_Squad";
		};
/* End PBXContainerItemProxy section */

/* Begin PBXFileReference section */
		DFEE98E52CA05F5D003021DB /* Kick-Off_Squad.app */ = {isa = PBXFileReference; explicitFileType = wrapper.application; includeInIndex = 0; path = "Kick-Off_Squad.app"; sourceTree = BUILT_PRODUCTS_DIR; };
		DFEE98F52CA05F5E003021DB /* Kick-Off_SquadTests.xctest */ = {isa = PBXFileReference; explicitFileType = wrapper.cfbundle; includeInIndex = 0; path = "Kick-Off_SquadTests.xctest"; sourceTree = BUILT_PRODUCTS_DIR; };
		DFEE98FF2CA05F5E003021DB /* Kick-Off_SquadUITests.xctest */ = {isa = PBXFileReference; explicitFileType = wrapper.cfbundle; includeInIndex = 0; path = "Kick-Off_SquadUITests.xctest"; sourceTree = BUILT_PRODUCTS_DIR; };
/* End PBXFileReference section */

/* Begin PBXFileSystemSynchronizedRootGroup section */
		DFEE98E72CA05F5D003021DB /* Kick-Off_Squad */ = {
			isa = PBXFileSystemSynchronizedRootGroup;
			path = "Kick-Off_Squad";
			sourceTree = "<group>";
		};
		DFEE98F82CA05F5E003021DB /* Kick-Off_SquadTests */ = {
			isa = PBXFileSystemSynchronizedRootGroup;
			path = "Kick-Off_SquadTests";
			sourceTree = "<group>";
		};
		DFEE99022CA05F5E003021DB /* Kick-Off_SquadUITests */ = {
			isa = PBXFileSystemSynchronizedRootGroup;
			path = "Kick-Off_SquadUITests";
			sourceTree = "<group>";
		};
/* End PBXFileSystemSynchronizedRootGroup section */

/* Begin PBXFrameworksBuildPhase section */
		DFEE98E22CA05F5D003021DB /* Frameworks */ = {
			isa = PBXFrameworksBuildPhase;
			buildActionMask = 2147483647;
			files = (
			);
			runOnlyForDeploymentPostprocessing = 0;
		};
		DFEE98F22CA05F5E003021DB /* Frameworks */ = {
			isa = PBXFrameworksBuildPhase;
			buildActionMask = 2147483647;
			files = (
			);
			runOnlyForDeploymentPostprocessing = 0;
		};
		DFEE98FC2CA05F5E003021DB /* Frameworks */ = {
			isa = PBXFrameworksBuildPhase;
			buildActionMask = 2147483647;
			files = (
			);
			runOnlyForDeploymentPostprocessing = 0;
		};
/* End PBXFrameworksBuildPhase section */

/* Begin PBXGroup section */
		DFEE98DC2CA05F5D003021DB = {
			isa = PBXGroup;
			children = (
				DFEE98E72CA05F5D003021DB /* Kick-Off_Squad */,
				DFEE98F82CA05F5E003021DB /* Kick-Off_SquadTests */,
				DFEE99022CA05F5E003021DB /* Kick-Off_SquadUITests */,
				DFEE98E62CA05F5D003021DB /* Products */,
			);
			sourceTree = "<group>";
		};
		DFEE98E62CA05F5D003021DB /* Products */ = {
			isa = PBXGroup;
			children = (
				DFEE98E52CA05F5D003021DB /* Kick-Off_Squad.app */,
				DFEE98F52CA05F5E003021DB /* Kick-Off_SquadTests.xctest */,
				DFEE98FF2CA05F5E003021DB /* Kick-Off_SquadUITests.xctest */,
			);
			name = Products;
			sourceTree = "<group>";
		};
/* End PBXGroup section */

/* Begin PBXNativeTarget section */
		DFEE98E42CA05F5D003021DB /* Kick-Off_Squad */ = {
			isa = PBXNativeTarget;
			buildConfigurationList = DFEE99092CA05F5E003021DB /* Build configuration list for PBXNativeTarget "Kick-Off_Squad" */;
			buildPhases = (
				DFEE98E12CA05F5D003021DB /* Sources */,
				DFEE98E22CA05F5D003021DB /* Frameworks */,
				DFEE98E32CA05F5D003021DB /* Resources */,
			);
			buildRules = (
			);
			dependencies = (
			);
			fileSystemSynchronizedGroups = (
				DFEE98E72CA05F5D003021DB /* Kick-Off_Squad */,
			);
			name = "Kick-Off_Squad";
			packageProductDependencies = (
			);
			productName = "Kick-Off_Squad";
			productReference = DFEE98E52CA05F5D003021DB /* Kick-Off_Squad.app */;
			productType = "com.apple.product-type.application";
		};
		DFEE98F42CA05F5E003021DB /* Kick-Off_SquadTests */ = {
			isa = PBXNativeTarget;
			buildConfigurationList = DFEE990C2CA05F5E003021DB /* Build configuration list for PBXNativeTarget "Kick-Off_SquadTests" */;
			buildPhases = (
				DFEE98F12CA05F5E003021DB /* Sources */,
				DFEE98F22CA05F5E003021DB /* Frameworks */,
				DFEE98F32CA05F5E003021DB /* Resources */,
			);
			buildRules = (
			);
			dependencies = (
				DFEE98F72CA05F5E003021DB /* PBXTargetDependency */,
			);
			fileSystemSynchronizedGroups = (
				DFEE98F82CA05F5E003021DB /* Kick-Off_SquadTests */,
			);
			name = "Kick-Off_SquadTests";
			packageProductDependencies = (
			);
			productName = "Kick-Off_SquadTests";
			productReference = DFEE98F52CA05F5E003021DB /* Kick-Off_SquadTests.xctest */;
			productType = "com.apple.product-type.bundle.unit-test";
		};
		DFEE98FE2CA05F5E003021DB /* Kick-Off_SquadUITests */ = {
			isa = PBXNativeTarget;
			buildConfigurationList = DFEE990F2CA05F5E003021DB /* Build configuration list for PBXNativeTarget "Kick-Off_SquadUITests" */;
			buildPhases = (
				DFEE98FB2CA05F5E003021DB /* Sources */,
				DFEE98FC2CA05F5E003021DB /* Frameworks */,
				DFEE98FD2CA05F5E003021DB /* Resources */,
			);
			buildRules = (
			);
			dependencies = (
				DFEE99012CA05F5E003021DB /* PBXTargetDependency */,
			);
			fileSystemSynchronizedGroups = (
				DFEE99022CA05F5E003021DB /* Kick-Off_SquadUITests */,
			);
			name = "Kick-Off_SquadUITests";
			packageProductDependencies = (
			);
			productName = "Kick-Off_SquadUITests";
			productReference = DFEE98FF2CA05F5E003021DB /* Kick-Off_SquadUITests.xctest */;
			productType = "com.apple.product-type.bundle.ui-testing";
		};
/* End PBXNativeTarget section */

/* Begin PBXProject section */
		DFEE98DD2CA05F5D003021DB /* Project object */ = {
			isa = PBXProject;
			attributes = {
				BuildIndependentTargetsInParallel = 1;
				LastSwiftUpdateCheck = 1600;
				LastUpgradeCheck = 1600;
				TargetAttributes = {
					DFEE98E42CA05F5D003021DB = {
						CreatedOnToolsVersion = 16.0;
					};
					DFEE98F42CA05F5E003021DB = {
						CreatedOnToolsVersion = 16.0;
						TestTargetID = DFEE98E42CA05F5D003021DB;
					};
					DFEE98FE2CA05F5E003021DB = {
						CreatedOnToolsVersion = 16.0;
						TestTargetID = DFEE98E42CA05F5D003021DB;
					};
				};
			};
			buildConfigurationList = DFEE98E02CA05F5D003021DB /* Build configuration list for PBXProject "Kick-Off_Squad" */;
			developmentRegion = en;
			hasScannedForEncodings = 0;
			knownRegions = (
				en,
				Base,
			);
			mainGroup = DFEE98DC2CA05F5D003021DB;
			minimizedProjectReferenceProxies = 1;
			preferredProjectObjectVersion = 77;
			productRefGroup = DFEE98E62CA05F5D003021DB /* Products */;
			projectDirPath = "";
			projectRoot = "";
			targets = (
				DFEE98E42CA05F5D003021DB /* Kick-Off_Squad */,
				DFEE98F42CA05F5E003021DB /* Kick-Off_SquadTests */,
				DFEE98FE2CA05F5E003021DB /* Kick-Off_SquadUITests */,
			);
		};
/* End PBXProject section */

/* Begin PBXResourcesBuildPhase section */
		DFEE98E32CA05F5D003021DB /* Resources */ = {
			isa = PBXResourcesBuildPhase;
			buildActionMask = 2147483647;
			files = (
			);
			runOnlyForDeploymentPostprocessing = 0;
		};
		DFEE98F32CA05F5E003021DB /* Resources */ = {
			isa = PBXResourcesBuildPhase;
			buildActionMask = 2147483647;
			files = (
			);
			runOnlyForDeploymentPostprocessing = 0;
		};
		DFEE98FD2CA05F5E003021DB /* Resources */ = {
			isa = PBXResourcesBuildPhase;
			buildActionMask = 2147483647;
			files = (
			);
			runOnlyForDeploymentPostprocessing = 0;
		};
/* End PBXResourcesBuildPhase section */

/* Begin PBXSourcesBuildPhase section */
		DFEE98E12CA05F5D003021DB /* Sources */ = {
			isa = PBXSourcesBuildPhase;
			buildActionMask = 2147483647;
			files = (
			);
			runOnlyForDeploymentPostprocessing = 0;
		};
		DFEE98F12CA05F5E003021DB /* Sources */ = {
			isa = PBXSourcesBuildPhase;
			buildActionMask = 2147483647;
			files = (
			);
			runOnlyForDeploymentPostprocessing = 0;
		};
		DFEE98FB2CA05F5E003021DB /* Sources */ = {
			isa = PBXSourcesBuildPhase;
			buildActionMask = 2147483647;
			files = (
			);
			runOnlyForDeploymentPostprocessing = 0;
		};
/* End PBXSourcesBuildPhase section */

/* Begin PBXTargetDependency section */
		DFEE98F72CA05F5E003021DB /* PBXTargetDependency */ = {
			isa = PBXTargetDependency;
			target = DFEE98E42CA05F5D003021DB /* Kick-Off_Squad */;
			targetProxy = DFEE98F62CA05F5E003021DB /* PBXContainerItemProxy */;
		};
		DFEE99012CA05F5E003021DB /* PBXTargetDependency */ = {
			isa = PBXTargetDependency;
			target = DFEE98E42CA05F5D003021DB /* Kick-Off_Squad */;
			targetProxy = DFEE99002CA05F5E003021DB /* PBXContainerItemProxy */;
		};
/* End PBXTargetDependency section */

/* Begin XCBuildConfiguration section */
		DFEE99072CA05F5E003021DB /* Debug */ = {
			isa = XCBuildConfiguration;
			buildSettings = {
				ALWAYS_SEARCH_USER_PATHS = NO;
				ASSETCATALOG_COMPILER_GENERATE_SWIFT_ASSET_SYMBOL_EXTENSIONS = YES;
				CLANG_ANALYZER_NONNULL = YES;
				CLANG_ANALYZER_NUMBER_OBJECT_CONVERSION = YES_AGGRESSIVE;
				CLANG_CXX_LANGUAGE_STANDARD = "gnu++20";
				CLANG_ENABLE_MODULES = YES;
				CLANG_ENABLE_OBJC_ARC = YES;
				CLANG_ENABLE_OBJC_WEAK = YES;
				CLANG_WARN_BLOCK_CAPTURE_AUTORELEASING = YES;
				CLANG_WARN_BOOL_CONVERSION = YES;
				CLANG_WARN_COMMA = YES;
				CLANG_WARN_CONSTANT_CONVERSION = YES;
				CLANG_WARN_DEPRECATED_OBJC_IMPLEMENTATIONS = YES;
				CLANG_WARN_DIRECT_OBJC_ISA_USAGE = YES_ERROR;
				CLANG_WARN_DOCUMENTATION_COMMENTS = YES;
				CLANG_WARN_EMPTY_BODY = YES;
				CLANG_WARN_ENUM_CONVERSION = YES;
				CLANG_WARN_INFINITE_RECURSION = YES;
				CLANG_WARN_INT_CONVERSION = YES;
				CLANG_WARN_NON_LITERAL_NULL_CONVERSION = YES;
				CLANG_WARN_OBJC_IMPLICIT_RETAIN_SELF = YES;
				CLANG_WARN_OBJC_LITERAL_CONVERSION = YES;
				CLANG_WARN_OBJC_ROOT_CLASS = YES_ERROR;
				CLANG_WARN_QUOTED_INCLUDE_IN_FRAMEWORK_HEADER = YES;
				CLANG_WARN_RANGE_LOOP_ANALYSIS = YES;
				CLANG_WARN_STRICT_PROTOTYPES = YES;
				CLANG_WARN_SUSPICIOUS_MOVE = YES;
				CLANG_WARN_UNGUARDED_AVAILABILITY = YES_AGGRESSIVE;
				CLANG_WARN_UNREACHABLE_CODE = YES;
				CLANG_WARN__DUPLICATE_METHOD_MATCH = YES;
				COPY_PHASE_STRIP = NO;
				DEBUG_INFORMATION_FORMAT = dwarf;
				ENABLE_STRICT_OBJC_MSGSEND = YES;
				ENABLE_TESTABILITY = YES;
				ENABLE_USER_SCRIPT_SANDBOXING = YES;
				GCC_C_LANGUAGE_STANDARD = gnu17;
				GCC_DYNAMIC_NO_PIC = NO;
				GCC_NO_COMMON_BLOCKS = YES;
				GCC_OPTIMIZATION_LEVEL = 0;
				GCC_PREPROCESSOR_DEFINITIONS = (
					"DEBUG=1",
					"$(inherited)",
				);
				GCC_WARN_64_TO_32_BIT_CONVERSION = YES;
				GCC_WARN_ABOUT_RETURN_TYPE = YES_ERROR;
				GCC_WARN_UNDECLARED_SELECTOR = YES;
				GCC_WARN_UNINITIALIZED_AUTOS = YES_AGGRESSIVE;
				GCC_WARN_UNUSED_FUNCTION = YES;
				GCC_WARN_UNUSED_VARIABLE = YES;
				IPHONEOS_DEPLOYMENT_TARGET = 18.0;
				LOCALIZATION_PREFERS_STRING_CATALOGS = YES;
				MTL_ENABLE_DEBUG_INFO = INCLUDE_SOURCE;
				MTL_FAST_MATH = YES;
				ONLY_ACTIVE_ARCH = YES;
				SDKROOT = iphoneos;
				SWIFT_ACTIVE_COMPILATION_CONDITIONS = "DEBUG $(inherited)";
				SWIFT_OPTIMIZATION_LEVEL = "-Onone";
			};
			name = Debug;
		};
		DFEE99082CA05F5E003021DB /* Release */ = {
			isa = XCBuildConfiguration;
			buildSettings = {
				ALWAYS_SEARCH_USER_PATHS = NO;
				ASSETCATALOG_COMPILER_GENERATE_SWIFT_ASSET_SYMBOL_EXTENSIONS = YES;
				CLANG_ANALYZER_NONNULL = YES;
				CLANG_ANALYZER_NUMBER_OBJECT_CONVERSION = YES_AGGRESSIVE;
				CLANG_CXX_LANGUAGE_STANDARD = "gnu++20";
				CLANG_ENABLE_MODULES = YES;
				CLANG_ENABLE_OBJC_ARC = YES;
				CLANG_ENABLE_OBJC_WEAK = YES;
				CLANG_WARN_BLOCK_CAPTURE_AUTORELEASING = YES;
				CLANG_WARN_BOOL_CONVERSION = YES;
				CLANG_WARN_COMMA = YES;
				CLANG_WARN_CONSTANT_CONVERSION = YES;
				CLANG_WARN_DEPRECATED_OBJC_IMPLEMENTATIONS = YES;
				CLANG_WARN_DIRECT_OBJC_ISA_USAGE = YES_ERROR;
				CLANG_WARN_DOCUMENTATION_COMMENTS = YES;
				CLANG_WARN_EMPTY_BODY = YES;
				CLANG_WARN_ENUM_CONVERSION = YES;
				CLANG_WARN_INFINITE_RECURSION = YES;
				CLANG_WARN_INT_CONVERSION = YES;
				CLANG_WARN_NON_LITERAL_NULL_CONVERSION = YES;
				CLANG_WARN_OBJC_IMPLICIT_RETAIN_SELF = YES;
				CLANG_WARN_OBJC_LITERAL_CONVERSION = YES;
				CLANG_WARN_OBJC_ROOT_CLASS = YES_ERROR;
				CLANG_WARN_QUOTED_INCLUDE_IN_FRAMEWORK_HEADER = YES;
				CLANG_WARN_RANGE_LOOP_ANALYSIS = YES;
				CLANG_WARN_STRICT_PROTOTYPES = YES;
				CLANG_WARN_SUSPICIOUS_MOVE = YES;
				CLANG_WARN_UNGUARDED_AVAILABILITY = YES_AGGRESSIVE;
				CLANG_WARN_UNREACHABLE_CODE = YES;
				CLANG_WARN__DUPLICATE_METHOD_MATCH = YES;
				COPY_PHASE_STRIP = NO;
				DEBUG_INFORMATION_FORMAT = "dwarf-with-dsym";
				ENABLE_NS_ASSERTIONS = NO;
				ENABLE_STRICT_OBJC_MSGSEND = YES;
				ENABLE_USER_SCRIPT_SANDBOXING = YES;
				GCC_C_LANGUAGE_STANDARD = gnu17;
				GCC_NO_COMMON_BLOCKS = YES;
				GCC_WARN_64_TO_32_BIT_CONVERSION = YES;
				GCC_WARN_ABOUT_RETURN_TYPE = YES_ERROR;
				GCC_WARN_UNDECLARED_SELECTOR = YES;
				GCC_WARN_UNINITIALIZED_AUTOS = YES_AGGRESSIVE;
				GCC_WARN_UNUSED_FUNCTION = YES;
				GCC_WARN_UNUSED_VARIABLE = YES;
				IPHONEOS_DEPLOYMENT_TARGET = 18.0;
				LOCALIZATION_PREFERS_STRING_CATALOGS = YES;
				MTL_ENABLE_DEBUG_INFO = NO;
				MTL_FAST_MATH = YES;
				SDKROOT = iphoneos;
				SWIFT_COMPILATION_MODE = wholemodule;
				VALIDATE_PRODUCT = YES;
			};
			name = Release;
		};
		DFEE990A2CA05F5E003021DB /* Debug */ = {
			isa = XCBuildConfiguration;
			buildSettings = {
				ASSETCATALOG_COMPILER_APPICON_NAME = AppIcon;
				ASSETCATALOG_COMPILER_GLOBAL_ACCENT_COLOR_NAME = AccentColor;
				CODE_SIGN_STYLE = Automatic;
				CURRENT_PROJECT_VERSION = 1;
				DEVELOPMENT_ASSET_PATHS = "\"Kick-Off_Squad/Preview Content\"";
				ENABLE_PREVIEWS = YES;
				GENERATE_INFOPLIST_FILE = YES;
				INFOPLIST_KEY_UIApplicationSceneManifest_Generation = YES;
				INFOPLIST_KEY_UIApplicationSupportsIndirectInputEvents = YES;
				INFOPLIST_KEY_UILaunchScreen_Generation = YES;
				INFOPLIST_KEY_UISupportedInterfaceOrientations_iPad = "UIInterfaceOrientationPortrait UIInterfaceOrientationPortraitUpsideDown UIInterfaceOrientationLandscapeLeft UIInterfaceOrientationLandscapeRight";
				INFOPLIST_KEY_UISupportedInterfaceOrientations_iPhone = "UIInterfaceOrientationPortrait UIInterfaceOrientationLandscapeLeft UIInterfaceOrientationLandscapeRight";
				LD_RUNPATH_SEARCH_PATHS = (
					"$(inherited)",
					"@executable_path/Frameworks",
				);
				MARKETING_VERSION = 1.0;
				PRODUCT_BUNDLE_IDENTIFIER = "me.suyash.belwalkar..Kick-Off-Squad";
				PRODUCT_NAME = "$(TARGET_NAME)";
				SWIFT_EMIT_LOC_STRINGS = YES;
				SWIFT_VERSION = 5.0;
				TARGETED_DEVICE_FAMILY = "1,2";
			};
			name = Debug;
		};
		DFEE990B2CA05F5E003021DB /* Release */ = {
			isa = XCBuildConfiguration;
			buildSettings = {
				ASSETCATALOG_COMPILER_APPICON_NAME = AppIcon;
				ASSETCATALOG_COMPILER_GLOBAL_ACCENT_COLOR_NAME = AccentColor;
				CODE_SIGN_STYLE = Automatic;
				CURRENT_PROJECT_VERSION = 1;
				DEVELOPMENT_ASSET_PATHS = "\"Kick-Off_Squad/Preview Content\"";
				ENABLE_PREVIEWS = YES;
				GENERATE_INFOPLIST_FILE = YES;
				INFOPLIST_KEY_UIApplicationSceneManifest_Generation = YES;
				INFOPLIST_KEY_UIApplicationSupportsIndirectInputEvents = YES;
				INFOPLIST_KEY_UILaunchScreen_Generation = YES;
				INFOPLIST_KEY_UISupportedInterfaceOrientations_iPad = "UIInterfaceOrientationPortrait UIInterfaceOrientationPortraitUpsideDown UIInterfaceOrientationLandscapeLeft UIInterfaceOrientationLandscapeRight";
				INFOPLIST_KEY_UISupportedInterfaceOrientations_iPhone = "UIInterfaceOrientationPortrait UIInterfaceOrientationLandscapeLeft UIInterfaceOrientationLandscapeRight";
				LD_RUNPATH_SEARCH_PATHS = (
					"$(inherited)",
					"@executable_path/Frameworks",
				);
				MARKETING_VERSION = 1.0;
				PRODUCT_BUNDLE_IDENTIFIER = "me.suyash.belwalkar..Kick-Off-Squad";
				PRODUCT_NAME = "$(TARGET_NAME)";
				SWIFT_EMIT_LOC_STRINGS = YES;
				SWIFT_VERSION = 5.0;
				TARGETED_DEVICE_FAMILY = "1,2";
			};
			name = Release;
		};
		DFEE990D2CA05F5E003021DB /* Debug */ = {
			isa = XCBuildConfiguration;
			buildSettings = {
				BUNDLE_LOADER = "$(TEST_HOST)";
				CODE_SIGN_STYLE = Automatic;
				CURRENT_PROJECT_VERSION = 1;
				GENERATE_INFOPLIST_FILE = YES;
				IPHONEOS_DEPLOYMENT_TARGET = 18.0;
				MARKETING_VERSION = 1.0;
				PRODUCT_BUNDLE_IDENTIFIER = "me.suyash.belwalkar..Kick-Off-SquadTests";
				PRODUCT_NAME = "$(TARGET_NAME)";
				SWIFT_EMIT_LOC_STRINGS = NO;
				SWIFT_VERSION = 5.0;
				TARGETED_DEVICE_FAMILY = "1,2";
				TEST_HOST = "$(BUILT_PRODUCTS_DIR)/Kick-Off_Squad.app/$(BUNDLE_EXECUTABLE_FOLDER_PATH)/Kick-Off_Squad";
			};
			name = Debug;
		};
		DFEE990E2CA05F5E003021DB /* Release */ = {
			isa = XCBuildConfiguration;
			buildSettings = {
				BUNDLE_LOADER = "$(TEST_HOST)";
				CODE_SIGN_STYLE = Automatic;
				CURRENT_PROJECT_VERSION = 1;
				GENERATE_INFOPLIST_FILE = YES;
				IPHONEOS_DEPLOYMENT_TARGET = 18.0;
				MARKETING_VERSION = 1.0;
				PRODUCT_BUNDLE_IDENTIFIER = "me.suyash.belwalkar..Kick-Off-SquadTests";
				PRODUCT_NAME = "$(TARGET_NAME)";
				SWIFT_EMIT_LOC_STRINGS = NO;
				SWIFT_VERSION = 5.0;
				TARGETED_DEVICE_FAMILY = "1,2";
				TEST_HOST = "$(BUILT_PRODUCTS_DIR)/Kick-Off_Squad.app/$(BUNDLE_EXECUTABLE_FOLDER_PATH)/Kick-Off_Squad";
			};
			name = Release;
		};
		DFEE99102CA05F5E003021DB /* Debug */ = {
			isa = XCBuildConfiguration;
			buildSettings = {
				CODE_SIGN_STYLE = Automatic;
				CURRENT_PROJECT_VERSION = 1;
				GENERATE_INFOPLIST_FILE = YES;
				MARKETING_VERSION = 1.0;
				PRODUCT_BUNDLE_IDENTIFIER = "me.suyash.belwalkar..Kick-Off-SquadUITests";
				PRODUCT_NAME = "$(TARGET_NAME)";
				SWIFT_EMIT_LOC_STRINGS = NO;
				SWIFT_VERSION = 5.0;
				TARGETED_DEVICE_FAMILY = "1,2";
				TEST_TARGET_NAME = "Kick-Off_Squad";
			};
			name = Debug;
		};
		DFEE99112CA05F5E003021DB /* Release */ = {
			isa = XCBuildConfiguration;
			buildSettings = {
				CODE_SIGN_STYLE = Automatic;
				CURRENT_PROJECT_VERSION = 1;
				GENERATE_INFOPLIST_FILE = YES;
				MARKETING_VERSION = 1.0;
				PRODUCT_BUNDLE_IDENTIFIER = "me.suyash.belwalkar..Kick-Off-SquadUITests";
				PRODUCT_NAME = "$(TARGET_NAME)";
				SWIFT_EMIT_LOC_STRINGS = NO;
				SWIFT_VERSION = 5.0;
				TARGETED_DEVICE_FAMILY = "1,2";
				TEST_TARGET_NAME = "Kick-Off_Squad";
			};
			name = Release;
		};
/* End XCBuildConfiguration section */

/* Begin XCConfigurationList section */
		DFEE98E02CA05F5D003021DB /* Build configuration list for PBXProject "Kick-Off_Squad" */ = {
			isa = XCConfigurationList;
			buildConfigurations = (
				DFEE99072CA05F5E003021DB /* Debug */,
				DFEE99082CA05F5E003021DB /* Release */,
			);
			defaultConfigurationIsVisible = 0;
			defaultConfigurationName = Release;
		};
		DFEE99092CA05F5E003021DB /* Build configuration list for PBXNativeTarget "Kick-Off_Squad" */ = {
			isa = XCConfigurationList;
			buildConfigurations = (
				DFEE990A2CA05F5E003021DB /* Debug */,
				DFEE990B2CA05F5E003021DB /* Release */,
			);
			defaultConfigurationIsVisible = 0;
			defaultConfigurationName = Release;
		};
		DFEE990C2CA05F5E003021DB /* Build configuration list for PBXNativeTarget "Kick-Off_SquadTests" */ = {
			isa = XCConfigurationList;
			buildConfigurations = (
				DFEE990D2CA05F5E003021DB /* Debug */,
				DFEE990E2CA05F5E003021DB /* Release */,
			);
			defaultConfigurationIsVisible = 0;
			defaultConfigurationName = Release;
		};
		DFEE990F2CA05F5E003021DB /* Build configuration list for PBXNativeTarget "Kick-Off_SquadUITests" */ = {
			isa = XCConfigurationList;
			buildConfigurations = (
				DFEE99102CA05F5E003021DB /* Debug */,
				DFEE99112CA05F5E003021DB /* Release */,
			);
			defaultConfigurationIsVisible = 0;
			defaultConfigurationName = Release;
		};
/* End XCConfigurationList section */
	};
	rootObject = DFEE98DD2CA05F5D003021DB /* Project object */;
}
